// !$*UTF8*$!
{
	archiveVersion = 1;
	classes = {
	};
	objectVersion = 55;
	objects = {

/* Begin PBXBuildFile section */
		4315AA4227C58C6300AB3220 /* AccessibilityIdentifier.swift in Sources */ = {isa = PBXBuildFile; fileRef = 4315AA4127C58C6300AB3220 /* AccessibilityIdentifier.swift */; };
		4324419027C246E600A78FE8 /* AssetsListDependencyContainer.swift in Sources */ = {isa = PBXBuildFile; fileRef = 4324418F27C246E600A78FE8 /* AssetsListDependencyContainer.swift */; };
		4324419327C24FB700A78FE8 /* AssetsListViewController.swift in Sources */ = {isa = PBXBuildFile; fileRef = 4324419127C24FB700A78FE8 /* AssetsListViewController.swift */; };
		4324419427C24FB700A78FE8 /* AssetsListViewController.xib in Resources */ = {isa = PBXBuildFile; fileRef = 4324419227C24FB700A78FE8 /* AssetsListViewController.xib */; };
		4324419A27C2518F00A78FE8 /* AssetListItemTableViewCell.swift in Sources */ = {isa = PBXBuildFile; fileRef = 4324419827C2518F00A78FE8 /* AssetListItemTableViewCell.swift */; };
		4324419B27C2518F00A78FE8 /* AssetListItemTableViewCell.xib in Resources */ = {isa = PBXBuildFile; fileRef = 4324419927C2518F00A78FE8 /* AssetListItemTableViewCell.xib */; };
		4324419E27C2544000A78FE8 /* AssetsListViewModel.swift in Sources */ = {isa = PBXBuildFile; fileRef = 4324419D27C2544000A78FE8 /* AssetsListViewModel.swift */; };
		432441A027C25BC700A78FE8 /* ErrorMessage.swift in Sources */ = {isa = PBXBuildFile; fileRef = 4324419F27C25BC700A78FE8 /* ErrorMessage.swift */; };
		432441A527C270D100A78FE8 /* UIViewControllerExtension.swift in Sources */ = {isa = PBXBuildFile; fileRef = 432441A427C270D000A78FE8 /* UIViewControllerExtension.swift */; };
		432441A927C2C51000A78FE8 /* CollectionExtension.swift in Sources */ = {isa = PBXBuildFile; fileRef = 432441A827C2C51000A78FE8 /* CollectionExtension.swift */; };
		432441AC27C2D1F200A78FE8 /* UIImageViewExtension.swift in Sources */ = {isa = PBXBuildFile; fileRef = 432441AB27C2D1F200A78FE8 /* UIImageViewExtension.swift */; };
		432441AE27C2DDCD00A78FE8 /* AssetListItemViewModel.swift in Sources */ = {isa = PBXBuildFile; fileRef = 432441AD27C2DDCC00A78FE8 /* AssetListItemViewModel.swift */; };
		432441B027C2E9D800A78FE8 /* StringExtension.swift in Sources */ = {isa = PBXBuildFile; fileRef = 432441AF27C2E9D800A78FE8 /* StringExtension.swift */; };
		432441B227C300F200A78FE8 /* BitpandaMainNavigationViewController.swift in Sources */ = {isa = PBXBuildFile; fileRef = 432441B127C300F100A78FE8 /* BitpandaMainNavigationViewController.swift */; };
		439B011227C12001001D490A /* AppDelegate.swift in Sources */ = {isa = PBXBuildFile; fileRef = 439B011127C12001001D490A /* AppDelegate.swift */; };
		439B011E27C12006001D490A /* Assets.xcassets in Resources */ = {isa = PBXBuildFile; fileRef = 439B011D27C12006001D490A /* Assets.xcassets */; };
		439B012127C12006001D490A /* LaunchScreen.storyboard in Resources */ = {isa = PBXBuildFile; fileRef = 439B011F27C12006001D490A /* LaunchScreen.storyboard */; };
		439B012C27C12007001D490A /* BitpandaCodeChallengeTests.swift in Sources */ = {isa = PBXBuildFile; fileRef = 439B012B27C12007001D490A /* BitpandaCodeChallengeTests.swift */; };
		439B013627C12007001D490A /* BitpandaCodeChallengeUITests.swift in Sources */ = {isa = PBXBuildFile; fileRef = 439B013527C12007001D490A /* BitpandaCodeChallengeUITests.swift */; };
		439B013827C12007001D490A /* BitpandaCodeChallengeUITestsLaunchTests.swift in Sources */ = {isa = PBXBuildFile; fileRef = 439B013727C12007001D490A /* BitpandaCodeChallengeUITestsLaunchTests.swift */; };
		439B014F27C1234C001D490A /* Asset.swift in Sources */ = {isa = PBXBuildFile; fileRef = 439B014E27C1234C001D490A /* Asset.swift */; };
		439B015327C13271001D490A /* AssetsRepository.swift in Sources */ = {isa = PBXBuildFile; fileRef = 439B015227C13270001D490A /* AssetsRepository.swift */; };
		439B015627C1355A001D490A /* BitpandaAssetsRepository.swift in Sources */ = {isa = PBXBuildFile; fileRef = 439B015527C1355A001D490A /* BitpandaAssetsRepository.swift */; };
		439B015927C13C86001D490A /* Masterdata.json in Resources */ = {isa = PBXBuildFile; fileRef = 439B015827C13C86001D490A /* Masterdata.json */; };
		439B015F27C1B8E5001D490A /* RemoteAssetsAPI.swift in Sources */ = {isa = PBXBuildFile; fileRef = 439B015E27C1B8E5001D490A /* RemoteAssetsAPI.swift */; };
		439B016227C1B987001D490A /* FakeRemoteAssetsAPI.swift in Sources */ = {isa = PBXBuildFile; fileRef = 439B016127C1B987001D490A /* FakeRemoteAssetsAPI.swift */; };
		439B016427C1BECB001D490A /* BitpandaRemoteAssetsAPI.swift in Sources */ = {isa = PBXBuildFile; fileRef = 439B016327C1BECB001D490A /* BitpandaRemoteAssetsAPI.swift */; };
		439B016727C1C094001D490A /* BitpandaAppDependencyContainer.swift in Sources */ = {isa = PBXBuildFile; fileRef = 439B016627C1C094001D490A /* BitpandaAppDependencyContainer.swift */; };
		439B016927C1C41B001D490A /* BitpandaKitError.swift in Sources */ = {isa = PBXBuildFile; fileRef = 439B016827C1C41B001D490A /* BitpandaKitError.swift */; };
		439B016B27C1C627001D490A /* Main.storyboard in Resources */ = {isa = PBXBuildFile; fileRef = 439B016A27C1C626001D490A /* Main.storyboard */; };
		43A33AB927C3C69F002B3EC1 /* WalletListDependencyContainer.swift in Sources */ = {isa = PBXBuildFile; fileRef = 43A33AB827C3C69F002B3EC1 /* WalletListDependencyContainer.swift */; };
		43A33ABD27C3C6D2002B3EC1 /* WalletListViewController.swift in Sources */ = {isa = PBXBuildFile; fileRef = 43A33ABB27C3C6D2002B3EC1 /* WalletListViewController.swift */; };
		43A33ABE27C3C6D2002B3EC1 /* WalletListViewController.xib in Resources */ = {isa = PBXBuildFile; fileRef = 43A33ABC27C3C6D2002B3EC1 /* WalletListViewController.xib */; };
		43A33AC227C3C719002B3EC1 /* WalletListItemTableViewCell.swift in Sources */ = {isa = PBXBuildFile; fileRef = 43A33AC027C3C719002B3EC1 /* WalletListItemTableViewCell.swift */; };
		43A33AC327C3C719002B3EC1 /* WalletListItemTableViewCell.xib in Resources */ = {isa = PBXBuildFile; fileRef = 43A33AC127C3C719002B3EC1 /* WalletListItemTableViewCell.xib */; };
		43A33AC727C3C81A002B3EC1 /* Wallet.swift in Sources */ = {isa = PBXBuildFile; fileRef = 43A33AC627C3C81A002B3EC1 /* Wallet.swift */; };
		43A33ACB27C3CE2C002B3EC1 /* Masterdata.swift in Sources */ = {isa = PBXBuildFile; fileRef = 43A33ACA27C3CE2C002B3EC1 /* Masterdata.swift */; };
		43A33ACD27C3D2D1002B3EC1 /* FiatWallet.swift in Sources */ = {isa = PBXBuildFile; fileRef = 43A33ACC27C3D2D1002B3EC1 /* FiatWallet.swift */; };
		43A33AD427C4067E002B3EC1 /* RemoteWalletsAPI.swift in Sources */ = {isa = PBXBuildFile; fileRef = 43A33AD327C4067E002B3EC1 /* RemoteWalletsAPI.swift */; };
		43A33AD727C406E7002B3EC1 /* Wallets.swift in Sources */ = {isa = PBXBuildFile; fileRef = 43A33AD627C406E7002B3EC1 /* Wallets.swift */; };
		43A33ADA27C407E9002B3EC1 /* BitpandaRemoteWalletsAPI.swift in Sources */ = {isa = PBXBuildFile; fileRef = 43A33AD927C407E9002B3EC1 /* BitpandaRemoteWalletsAPI.swift */; };
		43A33ADC27C407F4002B3EC1 /* FakeRemoteWalletsAPI.swift in Sources */ = {isa = PBXBuildFile; fileRef = 43A33ADB27C407F4002B3EC1 /* FakeRemoteWalletsAPI.swift */; };
		43A33ADF27C40DA1002B3EC1 /* WalletsRepository.swift in Sources */ = {isa = PBXBuildFile; fileRef = 43A33ADE27C40DA1002B3EC1 /* WalletsRepository.swift */; };
		43A33AE127C40F35002B3EC1 /* BitpandaWalletsRepository.swift in Sources */ = {isa = PBXBuildFile; fileRef = 43A33AE027C40F35002B3EC1 /* BitpandaWalletsRepository.swift */; };
		43A33AE627C423C5002B3EC1 /* FiatWalletListItemTableViewCell.swift in Sources */ = {isa = PBXBuildFile; fileRef = 43A33AE427C423C5002B3EC1 /* FiatWalletListItemTableViewCell.swift */; };
		43A33AE727C423C5002B3EC1 /* FiatWalletListItemTableViewCell.xib in Resources */ = {isa = PBXBuildFile; fileRef = 43A33AE527C423C5002B3EC1 /* FiatWalletListItemTableViewCell.xib */; };
		43A33AEA27C4246D002B3EC1 /* WalletsListViewModel.swift in Sources */ = {isa = PBXBuildFile; fileRef = 43A33AE927C4246D002B3EC1 /* WalletsListViewModel.swift */; };
		43A33AED27C44674002B3EC1 /* FiatListItemViewModel.swift in Sources */ = {isa = PBXBuildFile; fileRef = 43A33AEC27C44674002B3EC1 /* FiatListItemViewModel.swift */; };
		43A33AEF27C4493B002B3EC1 /* CommodityListItemViewModel.swift in Sources */ = {isa = PBXBuildFile; fileRef = 43A33AEE27C4493B002B3EC1 /* CommodityListItemViewModel.swift */; };
		43A33AF527C52809002B3EC1 /* MainViewController.swift in Sources */ = {isa = PBXBuildFile; fileRef = 43A33AF327C52808002B3EC1 /* MainViewController.swift */; };
		43A33AF627C52809002B3EC1 /* MainViewController.xib in Resources */ = {isa = PBXBuildFile; fileRef = 43A33AF427C52808002B3EC1 /* MainViewController.xib */; };
		43A6F02E27C6BD7800750EF8 /* AssetDTO+Mapping.swift in Sources */ = {isa = PBXBuildFile; fileRef = 43A6F02D27C6BD7800750EF8 /* AssetDTO+Mapping.swift */; };
		43A6F03127C6BFAB00750EF8 /* MasterdataDTO+Mapping.swift in Sources */ = {isa = PBXBuildFile; fileRef = 43A6F03027C6BFAB00750EF8 /* MasterdataDTO+Mapping.swift */; };
		43A6F03427C6C01600750EF8 /* WalletsDTO+Mapping.swift in Sources */ = {isa = PBXBuildFile; fileRef = 43A6F03327C6C01600750EF8 /* WalletsDTO+Mapping.swift */; };
		43A6F03627C6C02500750EF8 /* WalletDTO+Mapping.swift in Sources */ = {isa = PBXBuildFile; fileRef = 43A6F03527C6C02500750EF8 /* WalletDTO+Mapping.swift */; };
		43A6F03827C6C03400750EF8 /* FiatWalletDTO+Mapping.swift in Sources */ = {isa = PBXBuildFile; fileRef = 43A6F03727C6C03400750EF8 /* FiatWalletDTO+Mapping.swift */; };
		63F5A190997C5645E6E5C03F /* Pods_BitpandaCodeChallenge_BitpandaCodeChallengeUITests.framework in Frameworks */ = {isa = PBXBuildFile; fileRef = 94346039C5C2A3855B68DFF9 /* Pods_BitpandaCodeChallenge_BitpandaCodeChallengeUITests.framework */; };
		695FF92A5ADE01567774A802 /* Pods_BitpandaCodeChallenge.framework in Frameworks */ = {isa = PBXBuildFile; fileRef = BD800F2F0306276A52DA89D7 /* Pods_BitpandaCodeChallenge.framework */; };
		90C269850B65B4AC3CF3AAA8 /* Pods_BitpandaCodeChallengeTests.framework in Frameworks */ = {isa = PBXBuildFile; fileRef = 00256AC69F1689086314FBFD /* Pods_BitpandaCodeChallengeTests.framework */; };
/* End PBXBuildFile section */

/* Begin PBXContainerItemProxy section */
		439B012827C12007001D490A /* PBXContainerItemProxy */ = {
			isa = PBXContainerItemProxy;
			containerPortal = 439B010627C12001001D490A /* Project object */;
			proxyType = 1;
			remoteGlobalIDString = 439B010D27C12001001D490A;
			remoteInfo = BitpandaCodeChallenge;
		};
		439B013227C12007001D490A /* PBXContainerItemProxy */ = {
			isa = PBXContainerItemProxy;
			containerPortal = 439B010627C12001001D490A /* Project object */;
			proxyType = 1;
			remoteGlobalIDString = 439B010D27C12001001D490A;
			remoteInfo = BitpandaCodeChallenge;
		};
/* End PBXContainerItemProxy section */

/* Begin PBXFileReference section */
		00256AC69F1689086314FBFD /* Pods_BitpandaCodeChallengeTests.framework */ = {isa = PBXFileReference; explicitFileType = wrapper.framework; includeInIndex = 0; path = Pods_BitpandaCodeChallengeTests.framework; sourceTree = BUILT_PRODUCTS_DIR; };
		206791F017D5DEDD4EE85980 /* Pods-BitpandaCodeChallenge-BitpandaCodeChallengeUITests.release.xcconfig */ = {isa = PBXFileReference; includeInIndex = 1; lastKnownFileType = text.xcconfig; name = "Pods-BitpandaCodeChallenge-BitpandaCodeChallengeUITests.release.xcconfig"; path = "Target Support Files/Pods-BitpandaCodeChallenge-BitpandaCodeChallengeUITests/Pods-BitpandaCodeChallenge-BitpandaCodeChallengeUITests.release.xcconfig"; sourceTree = "<group>"; };
		4315AA4127C58C6300AB3220 /* AccessibilityIdentifier.swift */ = {isa = PBXFileReference; lastKnownFileType = sourcecode.swift; path = AccessibilityIdentifier.swift; sourceTree = "<group>"; };
		4324418F27C246E600A78FE8 /* AssetsListDependencyContainer.swift */ = {isa = PBXFileReference; lastKnownFileType = sourcecode.swift; path = AssetsListDependencyContainer.swift; sourceTree = "<group>"; };
		4324419127C24FB700A78FE8 /* AssetsListViewController.swift */ = {isa = PBXFileReference; lastKnownFileType = sourcecode.swift; path = AssetsListViewController.swift; sourceTree = "<group>"; };
		4324419227C24FB700A78FE8 /* AssetsListViewController.xib */ = {isa = PBXFileReference; lastKnownFileType = file.xib; path = AssetsListViewController.xib; sourceTree = "<group>"; };
		4324419827C2518F00A78FE8 /* AssetListItemTableViewCell.swift */ = {isa = PBXFileReference; lastKnownFileType = sourcecode.swift; path = AssetListItemTableViewCell.swift; sourceTree = "<group>"; };
		4324419927C2518F00A78FE8 /* AssetListItemTableViewCell.xib */ = {isa = PBXFileReference; lastKnownFileType = file.xib; path = AssetListItemTableViewCell.xib; sourceTree = "<group>"; };
		4324419D27C2544000A78FE8 /* AssetsListViewModel.swift */ = {isa = PBXFileReference; lastKnownFileType = sourcecode.swift; path = AssetsListViewModel.swift; sourceTree = "<group>"; };
		4324419F27C25BC700A78FE8 /* ErrorMessage.swift */ = {isa = PBXFileReference; lastKnownFileType = sourcecode.swift; path = ErrorMessage.swift; sourceTree = "<group>"; };
		432441A427C270D000A78FE8 /* UIViewControllerExtension.swift */ = {isa = PBXFileReference; lastKnownFileType = sourcecode.swift; path = UIViewControllerExtension.swift; sourceTree = "<group>"; };
		432441A827C2C51000A78FE8 /* CollectionExtension.swift */ = {isa = PBXFileReference; lastKnownFileType = sourcecode.swift; path = CollectionExtension.swift; sourceTree = "<group>"; };
		432441AB27C2D1F200A78FE8 /* UIImageViewExtension.swift */ = {isa = PBXFileReference; lastKnownFileType = sourcecode.swift; path = UIImageViewExtension.swift; sourceTree = "<group>"; };
		432441AD27C2DDCC00A78FE8 /* AssetListItemViewModel.swift */ = {isa = PBXFileReference; lastKnownFileType = sourcecode.swift; path = AssetListItemViewModel.swift; sourceTree = "<group>"; };
		432441AF27C2E9D800A78FE8 /* StringExtension.swift */ = {isa = PBXFileReference; lastKnownFileType = sourcecode.swift; path = StringExtension.swift; sourceTree = "<group>"; };
		432441B127C300F100A78FE8 /* BitpandaMainNavigationViewController.swift */ = {isa = PBXFileReference; lastKnownFileType = sourcecode.swift; path = BitpandaMainNavigationViewController.swift; sourceTree = "<group>"; };
		439B010E27C12001001D490A /* BitpandaCodeChallenge.app */ = {isa = PBXFileReference; explicitFileType = wrapper.application; includeInIndex = 0; path = BitpandaCodeChallenge.app; sourceTree = BUILT_PRODUCTS_DIR; };
		439B011127C12001001D490A /* AppDelegate.swift */ = {isa = PBXFileReference; lastKnownFileType = sourcecode.swift; path = AppDelegate.swift; sourceTree = "<group>"; };
		439B011D27C12006001D490A /* Assets.xcassets */ = {isa = PBXFileReference; lastKnownFileType = folder.assetcatalog; path = Assets.xcassets; sourceTree = "<group>"; };
		439B012027C12006001D490A /* Base */ = {isa = PBXFileReference; lastKnownFileType = file.storyboard; name = Base; path = Base.lproj/LaunchScreen.storyboard; sourceTree = "<group>"; };
		439B012227C12006001D490A /* Info.plist */ = {isa = PBXFileReference; lastKnownFileType = text.plist.xml; path = Info.plist; sourceTree = "<group>"; };
		439B012727C12007001D490A /* BitpandaCodeChallengeTests.xctest */ = {isa = PBXFileReference; explicitFileType = wrapper.cfbundle; includeInIndex = 0; path = BitpandaCodeChallengeTests.xctest; sourceTree = BUILT_PRODUCTS_DIR; };
		439B012B27C12007001D490A /* BitpandaCodeChallengeTests.swift */ = {isa = PBXFileReference; lastKnownFileType = sourcecode.swift; path = BitpandaCodeChallengeTests.swift; sourceTree = "<group>"; };
		439B013127C12007001D490A /* BitpandaCodeChallengeUITests.xctest */ = {isa = PBXFileReference; explicitFileType = wrapper.cfbundle; includeInIndex = 0; path = BitpandaCodeChallengeUITests.xctest; sourceTree = BUILT_PRODUCTS_DIR; };
		439B013527C12007001D490A /* BitpandaCodeChallengeUITests.swift */ = {isa = PBXFileReference; lastKnownFileType = sourcecode.swift; path = BitpandaCodeChallengeUITests.swift; sourceTree = "<group>"; };
		439B013727C12007001D490A /* BitpandaCodeChallengeUITestsLaunchTests.swift */ = {isa = PBXFileReference; lastKnownFileType = sourcecode.swift; path = BitpandaCodeChallengeUITestsLaunchTests.swift; sourceTree = "<group>"; };
		439B014E27C1234C001D490A /* Asset.swift */ = {isa = PBXFileReference; lastKnownFileType = sourcecode.swift; path = Asset.swift; sourceTree = "<group>"; };
		439B015227C13270001D490A /* AssetsRepository.swift */ = {isa = PBXFileReference; lastKnownFileType = sourcecode.swift; path = AssetsRepository.swift; sourceTree = "<group>"; };
		439B015527C1355A001D490A /* BitpandaAssetsRepository.swift */ = {isa = PBXFileReference; lastKnownFileType = sourcecode.swift; path = BitpandaAssetsRepository.swift; sourceTree = "<group>"; };
		439B015827C13C86001D490A /* Masterdata.json */ = {isa = PBXFileReference; lastKnownFileType = text.json; path = Masterdata.json; sourceTree = "<group>"; };
		439B015E27C1B8E5001D490A /* RemoteAssetsAPI.swift */ = {isa = PBXFileReference; lastKnownFileType = sourcecode.swift; path = RemoteAssetsAPI.swift; sourceTree = "<group>"; };
		439B016127C1B987001D490A /* FakeRemoteAssetsAPI.swift */ = {isa = PBXFileReference; lastKnownFileType = sourcecode.swift; path = FakeRemoteAssetsAPI.swift; sourceTree = "<group>"; };
		439B016327C1BECB001D490A /* BitpandaRemoteAssetsAPI.swift */ = {isa = PBXFileReference; lastKnownFileType = sourcecode.swift; path = BitpandaRemoteAssetsAPI.swift; sourceTree = "<group>"; };
		439B016627C1C094001D490A /* BitpandaAppDependencyContainer.swift */ = {isa = PBXFileReference; lastKnownFileType = sourcecode.swift; path = BitpandaAppDependencyContainer.swift; sourceTree = "<group>"; };
		439B016827C1C41B001D490A /* BitpandaKitError.swift */ = {isa = PBXFileReference; lastKnownFileType = sourcecode.swift; path = BitpandaKitError.swift; sourceTree = "<group>"; };
		439B016A27C1C626001D490A /* Main.storyboard */ = {isa = PBXFileReference; lastKnownFileType = file.storyboard; path = Main.storyboard; sourceTree = "<group>"; };
		43A33AB827C3C69F002B3EC1 /* WalletListDependencyContainer.swift */ = {isa = PBXFileReference; lastKnownFileType = sourcecode.swift; path = WalletListDependencyContainer.swift; sourceTree = "<group>"; };
		43A33ABB27C3C6D2002B3EC1 /* WalletListViewController.swift */ = {isa = PBXFileReference; lastKnownFileType = sourcecode.swift; path = WalletListViewController.swift; sourceTree = "<group>"; };
		43A33ABC27C3C6D2002B3EC1 /* WalletListViewController.xib */ = {isa = PBXFileReference; lastKnownFileType = file.xib; path = WalletListViewController.xib; sourceTree = "<group>"; };
		43A33AC027C3C719002B3EC1 /* WalletListItemTableViewCell.swift */ = {isa = PBXFileReference; lastKnownFileType = sourcecode.swift; path = WalletListItemTableViewCell.swift; sourceTree = "<group>"; };
		43A33AC127C3C719002B3EC1 /* WalletListItemTableViewCell.xib */ = {isa = PBXFileReference; lastKnownFileType = file.xib; path = WalletListItemTableViewCell.xib; sourceTree = "<group>"; };
		43A33AC627C3C81A002B3EC1 /* Wallet.swift */ = {isa = PBXFileReference; lastKnownFileType = sourcecode.swift; path = Wallet.swift; sourceTree = "<group>"; };
		43A33ACA27C3CE2C002B3EC1 /* Masterdata.swift */ = {isa = PBXFileReference; lastKnownFileType = sourcecode.swift; path = Masterdata.swift; sourceTree = "<group>"; };
		43A33ACC27C3D2D1002B3EC1 /* FiatWallet.swift */ = {isa = PBXFileReference; lastKnownFileType = sourcecode.swift; path = FiatWallet.swift; sourceTree = "<group>"; };
		43A33AD327C4067E002B3EC1 /* RemoteWalletsAPI.swift */ = {isa = PBXFileReference; lastKnownFileType = sourcecode.swift; path = RemoteWalletsAPI.swift; sourceTree = "<group>"; };
		43A33AD627C406E7002B3EC1 /* Wallets.swift */ = {isa = PBXFileReference; lastKnownFileType = sourcecode.swift; path = Wallets.swift; sourceTree = "<group>"; };
		43A33AD927C407E9002B3EC1 /* BitpandaRemoteWalletsAPI.swift */ = {isa = PBXFileReference; lastKnownFileType = sourcecode.swift; path = BitpandaRemoteWalletsAPI.swift; sourceTree = "<group>"; };
		43A33ADB27C407F4002B3EC1 /* FakeRemoteWalletsAPI.swift */ = {isa = PBXFileReference; lastKnownFileType = sourcecode.swift; path = FakeRemoteWalletsAPI.swift; sourceTree = "<group>"; };
		43A33ADE27C40DA1002B3EC1 /* WalletsRepository.swift */ = {isa = PBXFileReference; lastKnownFileType = sourcecode.swift; path = WalletsRepository.swift; sourceTree = "<group>"; };
		43A33AE027C40F35002B3EC1 /* BitpandaWalletsRepository.swift */ = {isa = PBXFileReference; lastKnownFileType = sourcecode.swift; path = BitpandaWalletsRepository.swift; sourceTree = "<group>"; };
		43A33AE427C423C5002B3EC1 /* FiatWalletListItemTableViewCell.swift */ = {isa = PBXFileReference; lastKnownFileType = sourcecode.swift; path = FiatWalletListItemTableViewCell.swift; sourceTree = "<group>"; };
		43A33AE527C423C5002B3EC1 /* FiatWalletListItemTableViewCell.xib */ = {isa = PBXFileReference; lastKnownFileType = file.xib; path = FiatWalletListItemTableViewCell.xib; sourceTree = "<group>"; };
		43A33AE927C4246D002B3EC1 /* WalletsListViewModel.swift */ = {isa = PBXFileReference; lastKnownFileType = sourcecode.swift; path = WalletsListViewModel.swift; sourceTree = "<group>"; };
		43A33AEC27C44674002B3EC1 /* FiatListItemViewModel.swift */ = {isa = PBXFileReference; lastKnownFileType = sourcecode.swift; path = FiatListItemViewModel.swift; sourceTree = "<group>"; };
		43A33AEE27C4493B002B3EC1 /* CommodityListItemViewModel.swift */ = {isa = PBXFileReference; lastKnownFileType = sourcecode.swift; path = CommodityListItemViewModel.swift; sourceTree = "<group>"; };
		43A33AF327C52808002B3EC1 /* MainViewController.swift */ = {isa = PBXFileReference; lastKnownFileType = sourcecode.swift; path = MainViewController.swift; sourceTree = "<group>"; };
		43A33AF427C52808002B3EC1 /* MainViewController.xib */ = {isa = PBXFileReference; lastKnownFileType = file.xib; path = MainViewController.xib; sourceTree = "<group>"; };
		43A6F02D27C6BD7800750EF8 /* AssetDTO+Mapping.swift */ = {isa = PBXFileReference; lastKnownFileType = sourcecode.swift; path = "AssetDTO+Mapping.swift"; sourceTree = "<group>"; };
		43A6F03027C6BFAB00750EF8 /* MasterdataDTO+Mapping.swift */ = {isa = PBXFileReference; lastKnownFileType = sourcecode.swift; path = "MasterdataDTO+Mapping.swift"; sourceTree = "<group>"; };
		43A6F03327C6C01600750EF8 /* WalletsDTO+Mapping.swift */ = {isa = PBXFileReference; lastKnownFileType = sourcecode.swift; path = "WalletsDTO+Mapping.swift"; sourceTree = "<group>"; };
		43A6F03527C6C02500750EF8 /* WalletDTO+Mapping.swift */ = {isa = PBXFileReference; lastKnownFileType = sourcecode.swift; path = "WalletDTO+Mapping.swift"; sourceTree = "<group>"; };
		43A6F03727C6C03400750EF8 /* FiatWalletDTO+Mapping.swift */ = {isa = PBXFileReference; lastKnownFileType = sourcecode.swift; path = "FiatWalletDTO+Mapping.swift"; sourceTree = "<group>"; };
		60E031271D5CC8E4A18A8840 /* Pods-BitpandaCodeChallenge.debug.xcconfig */ = {isa = PBXFileReference; includeInIndex = 1; lastKnownFileType = text.xcconfig; name = "Pods-BitpandaCodeChallenge.debug.xcconfig"; path = "Target Support Files/Pods-BitpandaCodeChallenge/Pods-BitpandaCodeChallenge.debug.xcconfig"; sourceTree = "<group>"; };
		94346039C5C2A3855B68DFF9 /* Pods_BitpandaCodeChallenge_BitpandaCodeChallengeUITests.framework */ = {isa = PBXFileReference; explicitFileType = wrapper.framework; includeInIndex = 0; path = Pods_BitpandaCodeChallenge_BitpandaCodeChallengeUITests.framework; sourceTree = BUILT_PRODUCTS_DIR; };
		9F168FE567C23AE17D819640 /* Pods-BitpandaCodeChallenge.release.xcconfig */ = {isa = PBXFileReference; includeInIndex = 1; lastKnownFileType = text.xcconfig; name = "Pods-BitpandaCodeChallenge.release.xcconfig"; path = "Target Support Files/Pods-BitpandaCodeChallenge/Pods-BitpandaCodeChallenge.release.xcconfig"; sourceTree = "<group>"; };
		AC3EE842565FBF70F37D6922 /* Pods-BitpandaCodeChallengeTests.release.xcconfig */ = {isa = PBXFileReference; includeInIndex = 1; lastKnownFileType = text.xcconfig; name = "Pods-BitpandaCodeChallengeTests.release.xcconfig"; path = "Target Support Files/Pods-BitpandaCodeChallengeTests/Pods-BitpandaCodeChallengeTests.release.xcconfig"; sourceTree = "<group>"; };
		BD800F2F0306276A52DA89D7 /* Pods_BitpandaCodeChallenge.framework */ = {isa = PBXFileReference; explicitFileType = wrapper.framework; includeInIndex = 0; path = Pods_BitpandaCodeChallenge.framework; sourceTree = BUILT_PRODUCTS_DIR; };
		DFE0574821D6174BBD511D38 /* Pods-BitpandaCodeChallenge-BitpandaCodeChallengeUITests.debug.xcconfig */ = {isa = PBXFileReference; includeInIndex = 1; lastKnownFileType = text.xcconfig; name = "Pods-BitpandaCodeChallenge-BitpandaCodeChallengeUITests.debug.xcconfig"; path = "Target Support Files/Pods-BitpandaCodeChallenge-BitpandaCodeChallengeUITests/Pods-BitpandaCodeChallenge-BitpandaCodeChallengeUITests.debug.xcconfig"; sourceTree = "<group>"; };
		ECCF71FC21757C1458A81474 /* Pods-BitpandaCodeChallengeTests.debug.xcconfig */ = {isa = PBXFileReference; includeInIndex = 1; lastKnownFileType = text.xcconfig; name = "Pods-BitpandaCodeChallengeTests.debug.xcconfig"; path = "Target Support Files/Pods-BitpandaCodeChallengeTests/Pods-BitpandaCodeChallengeTests.debug.xcconfig"; sourceTree = "<group>"; };
/* End PBXFileReference section */

/* Begin PBXFrameworksBuildPhase section */
		439B010B27C12001001D490A /* Frameworks */ = {
			isa = PBXFrameworksBuildPhase;
			buildActionMask = 2147483647;
			files = (
				695FF92A5ADE01567774A802 /* Pods_BitpandaCodeChallenge.framework in Frameworks */,
			);
			runOnlyForDeploymentPostprocessing = 0;
		};
		439B012427C12007001D490A /* Frameworks */ = {
			isa = PBXFrameworksBuildPhase;
			buildActionMask = 2147483647;
			files = (
				90C269850B65B4AC3CF3AAA8 /* Pods_BitpandaCodeChallengeTests.framework in Frameworks */,
			);
			runOnlyForDeploymentPostprocessing = 0;
		};
		439B012E27C12007001D490A /* Frameworks */ = {
			isa = PBXFrameworksBuildPhase;
			buildActionMask = 2147483647;
			files = (
				63F5A190997C5645E6E5C03F /* Pods_BitpandaCodeChallenge_BitpandaCodeChallengeUITests.framework in Frameworks */,
			);
			runOnlyForDeploymentPostprocessing = 0;
		};
/* End PBXFrameworksBuildPhase section */

/* Begin PBXGroup section */
		4315AA4027C58C4500AB3220 /* Utils */ = {
			isa = PBXGroup;
			children = (
				4315AA4127C58C6300AB3220 /* AccessibilityIdentifier.swift */,
			);
			path = Utils;
			sourceTree = "<group>";
		};
		4324418D27C2468600A78FE8 /* iOSApp */ = {
			isa = PBXGroup;
			children = (
				439B016627C1C094001D490A /* BitpandaAppDependencyContainer.swift */,
				432441B127C300F100A78FE8 /* BitpandaMainNavigationViewController.swift */,
				439B016A27C1C626001D490A /* Main.storyboard */,
				43A33AF227C52738002B3EC1 /* Main View */,
				4324418E27C2469D00A78FE8 /* AssetsList */,
				43A33AB627C3C61C002B3EC1 /* WalletList */,
			);
			path = iOSApp;
			sourceTree = "<group>";
		};
		4324418E27C2469D00A78FE8 /* AssetsList */ = {
			isa = PBXGroup;
			children = (
				4324419527C2511B00A78FE8 /* Dependency Container */,
				4324419627C2512D00A78FE8 /* View */,
			);
			path = AssetsList;
			sourceTree = "<group>";
		};
		4324419527C2511B00A78FE8 /* Dependency Container */ = {
			isa = PBXGroup;
			children = (
				4324418F27C246E600A78FE8 /* AssetsListDependencyContainer.swift */,
			);
			path = "Dependency Container";
			sourceTree = "<group>";
		};
		4324419627C2512D00A78FE8 /* View */ = {
			isa = PBXGroup;
			children = (
				4324419127C24FB700A78FE8 /* AssetsListViewController.swift */,
				4324419227C24FB700A78FE8 /* AssetsListViewController.xib */,
				4324419727C2516200A78FE8 /* Asset List Item */,
			);
			path = View;
			sourceTree = "<group>";
		};
		4324419727C2516200A78FE8 /* Asset List Item */ = {
			isa = PBXGroup;
			children = (
				4324419827C2518F00A78FE8 /* AssetListItemTableViewCell.swift */,
				4324419927C2518F00A78FE8 /* AssetListItemTableViewCell.xib */,
			);
			path = "Asset List Item";
			sourceTree = "<group>";
		};
		4324419C27C2542700A78FE8 /* Assets */ = {
			isa = PBXGroup;
			children = (
				4324419D27C2544000A78FE8 /* AssetsListViewModel.swift */,
				432441AD27C2DDCC00A78FE8 /* AssetListItemViewModel.swift */,
			);
			path = Assets;
			sourceTree = "<group>";
		};
		432441A227C2707600A78FE8 /* Reusables */ = {
			isa = PBXGroup;
			children = (
				4315AA4027C58C4500AB3220 /* Utils */,
				432441A327C270B900A78FE8 /* Extensions */,
			);
			path = Reusables;
			sourceTree = "<group>";
		};
		432441A327C270B900A78FE8 /* Extensions */ = {
			isa = PBXGroup;
			children = (
				432441A427C270D000A78FE8 /* UIViewControllerExtension.swift */,
				432441A827C2C51000A78FE8 /* CollectionExtension.swift */,
				432441AB27C2D1F200A78FE8 /* UIImageViewExtension.swift */,
				432441AF27C2E9D800A78FE8 /* StringExtension.swift */,
			);
			path = Extensions;
			sourceTree = "<group>";
		};
		439B010527C12001001D490A = {
			isa = PBXGroup;
			children = (
				439B011027C12001001D490A /* BitpandaCodeChallenge */,
				439B012A27C12007001D490A /* BitpandaCodeChallengeTests */,
				439B013427C12007001D490A /* BitpandaCodeChallengeUITests */,
				439B010F27C12001001D490A /* Products */,
				FFAFE387CF6F8D1EF88BE7BC /* Pods */,
				456DBEBA57C31ACEE94B911B /* Frameworks */,
			);
			sourceTree = "<group>";
		};
		439B010F27C12001001D490A /* Products */ = {
			isa = PBXGroup;
			children = (
				439B010E27C12001001D490A /* BitpandaCodeChallenge.app */,
				439B012727C12007001D490A /* BitpandaCodeChallengeTests.xctest */,
				439B013127C12007001D490A /* BitpandaCodeChallengeUITests.xctest */,
			);
			name = Products;
			sourceTree = "<group>";
		};
		439B011027C12001001D490A /* BitpandaCodeChallenge */ = {
			isa = PBXGroup;
			children = (
				439B014527C120F1001D490A /* Application */,
				439B014927C1220A001D490A /* Bitpanda_iOS */,
				439B014427C1201A001D490A /* BitpandaKit */,
			);
			path = BitpandaCodeChallenge;
			sourceTree = "<group>";
		};
		439B012A27C12007001D490A /* BitpandaCodeChallengeTests */ = {
			isa = PBXGroup;
			children = (
				439B012B27C12007001D490A /* BitpandaCodeChallengeTests.swift */,
			);
			path = BitpandaCodeChallengeTests;
			sourceTree = "<group>";
		};
		439B013427C12007001D490A /* BitpandaCodeChallengeUITests */ = {
			isa = PBXGroup;
			children = (
				439B013527C12007001D490A /* BitpandaCodeChallengeUITests.swift */,
				439B013727C12007001D490A /* BitpandaCodeChallengeUITestsLaunchTests.swift */,
			);
			path = BitpandaCodeChallengeUITests;
			sourceTree = "<group>";
		};
		439B014427C1201A001D490A /* BitpandaKit */ = {
			isa = PBXGroup;
			children = (
				439B016527C1BF39001D490A /* UILayer */,
				439B014A27C12250001D490A /* DataLayer */,
				43A6F02B27C6BA3C00750EF8 /* DomainLayer */,
			);
			path = BitpandaKit;
			sourceTree = "<group>";
		};
		439B014527C120F1001D490A /* Application */ = {
			isa = PBXGroup;
			children = (
				439B011127C12001001D490A /* AppDelegate.swift */,
				439B014627C12131001D490A /* Resources */,
			);
			path = Application;
			sourceTree = "<group>";
		};
		439B014627C12131001D490A /* Resources */ = {
			isa = PBXGroup;
			children = (
				439B014B27C12292001D490A /* Data Resource */,
				439B011F27C12006001D490A /* LaunchScreen.storyboard */,
				439B011D27C12006001D490A /* Assets.xcassets */,
				439B012227C12006001D490A /* Info.plist */,
			);
			path = Resources;
			sourceTree = "<group>";
		};
		439B014827C121B6001D490A /* Persistence */ = {
			isa = PBXGroup;
			children = (
			);
			path = Persistence;
			sourceTree = "<group>";
		};
		439B014927C1220A001D490A /* Bitpanda_iOS */ = {
			isa = PBXGroup;
			children = (
				4324418D27C2468600A78FE8 /* iOSApp */,
				432441A227C2707600A78FE8 /* Reusables */,
			);
			path = Bitpanda_iOS;
			sourceTree = "<group>";
		};
		439B014A27C12250001D490A /* DataLayer */ = {
			isa = PBXGroup;
			children = (
				439B015127C1324E001D490A /* Repositories */,
			);
			path = DataLayer;
			sourceTree = "<group>";
		};
		439B014B27C12292001D490A /* Data Resource */ = {
			isa = PBXGroup;
			children = (
				439B015827C13C86001D490A /* Masterdata.json */,
			);
			path = "Data Resource";
			sourceTree = "<group>";
		};
		439B015127C1324E001D490A /* Repositories */ = {
			isa = PBXGroup;
			children = (
				43A33ADD27C40D8C002B3EC1 /* Wallets */,
				43A33ACE27C3D9F9002B3EC1 /* Assets */,
				439B014827C121B6001D490A /* Persistence */,
				439B015D27C1B8B4001D490A /* Remote */,
			);
			path = Repositories;
			sourceTree = "<group>";
		};
		439B015D27C1B8B4001D490A /* Remote */ = {
			isa = PBXGroup;
			children = (
				43A33AD227C3DD1F002B3EC1 /* Wallets */,
				43A33AD127C3DD13002B3EC1 /* Assets */,
			);
			path = Remote;
			sourceTree = "<group>";
		};
		439B016027C1B919001D490A /* Implementation */ = {
			isa = PBXGroup;
			children = (
				439B016127C1B987001D490A /* FakeRemoteAssetsAPI.swift */,
				439B016327C1BECB001D490A /* BitpandaRemoteAssetsAPI.swift */,
			);
			path = Implementation;
			sourceTree = "<group>";
		};
		439B016527C1BF39001D490A /* UILayer */ = {
			isa = PBXGroup;
			children = (
				43A33AE827C42453002B3EC1 /* Wallets */,
				4324419C27C2542700A78FE8 /* Assets */,
			);
			path = UILayer;
			sourceTree = "<group>";
		};
		43A33AB627C3C61C002B3EC1 /* WalletList */ = {
			isa = PBXGroup;
			children = (
				43A33AB727C3C658002B3EC1 /* Dependency Container */,
				43A33ABA27C3C6B6002B3EC1 /* View */,
			);
			path = WalletList;
			sourceTree = "<group>";
		};
		43A33AB727C3C658002B3EC1 /* Dependency Container */ = {
			isa = PBXGroup;
			children = (
				43A33AB827C3C69F002B3EC1 /* WalletListDependencyContainer.swift */,
			);
			path = "Dependency Container";
			sourceTree = "<group>";
		};
		43A33ABA27C3C6B6002B3EC1 /* View */ = {
			isa = PBXGroup;
			children = (
				43A33ABB27C3C6D2002B3EC1 /* WalletListViewController.swift */,
				43A33ABC27C3C6D2002B3EC1 /* WalletListViewController.xib */,
				43A33ABF27C3C6DF002B3EC1 /* Wallet List Item */,
			);
			path = View;
			sourceTree = "<group>";
		};
		43A33ABF27C3C6DF002B3EC1 /* Wallet List Item */ = {
			isa = PBXGroup;
			children = (
				43A33AE327C4239D002B3EC1 /* Fiat Wallets */,
				43A33AE227C42390002B3EC1 /* Commodity and Wallets */,
			);
			path = "Wallet List Item";
			sourceTree = "<group>";
		};
		43A33AC427C3C7FF002B3EC1 /* Assets */ = {
			isa = PBXGroup;
			children = (
				439B014E27C1234C001D490A /* Asset.swift */,
			);
			path = Assets;
			sourceTree = "<group>";
		};
		43A33AC527C3C809002B3EC1 /* Wallets */ = {
			isa = PBXGroup;
			children = (
				43A33AD627C406E7002B3EC1 /* Wallets.swift */,
				43A33AC627C3C81A002B3EC1 /* Wallet.swift */,
				43A33ACC27C3D2D1002B3EC1 /* FiatWallet.swift */,
			);
			path = Wallets;
			sourceTree = "<group>";
		};
		43A33AC827C3CE02002B3EC1 /* Master Data */ = {
			isa = PBXGroup;
			children = (
				43A33ACA27C3CE2C002B3EC1 /* Masterdata.swift */,
			);
			path = "Master Data";
			sourceTree = "<group>";
		};
		43A33ACE27C3D9F9002B3EC1 /* Assets */ = {
			isa = PBXGroup;
			children = (
				439B015227C13270001D490A /* AssetsRepository.swift */,
				439B015527C1355A001D490A /* BitpandaAssetsRepository.swift */,
				43A6F02F27C6BF9200750EF8 /* DataMapping */,
			);
			path = Assets;
			sourceTree = "<group>";
		};
		43A33AD127C3DD13002B3EC1 /* Assets */ = {
			isa = PBXGroup;
			children = (
				439B015E27C1B8E5001D490A /* RemoteAssetsAPI.swift */,
				439B016027C1B919001D490A /* Implementation */,
				43A6F02C27C6BD5600750EF8 /* DataMapping */,
			);
			path = Assets;
			sourceTree = "<group>";
		};
		43A33AD227C3DD1F002B3EC1 /* Wallets */ = {
			isa = PBXGroup;
			children = (
				43A33AD327C4067E002B3EC1 /* RemoteWalletsAPI.swift */,
				43A33AD827C407C9002B3EC1 /* Implementation */,
				43A6F03227C6BFEF00750EF8 /* DataMapping */,
			);
			path = Wallets;
			sourceTree = "<group>";
		};
		43A33AD827C407C9002B3EC1 /* Implementation */ = {
			isa = PBXGroup;
			children = (
				43A33ADB27C407F4002B3EC1 /* FakeRemoteWalletsAPI.swift */,
				43A33AD927C407E9002B3EC1 /* BitpandaRemoteWalletsAPI.swift */,
			);
			path = Implementation;
			sourceTree = "<group>";
		};
		43A33ADD27C40D8C002B3EC1 /* Wallets */ = {
			isa = PBXGroup;
			children = (
				43A33ADE27C40DA1002B3EC1 /* WalletsRepository.swift */,
				43A33AE027C40F35002B3EC1 /* BitpandaWalletsRepository.swift */,
			);
			path = Wallets;
			sourceTree = "<group>";
		};
		43A33AE227C42390002B3EC1 /* Commodity and Wallets */ = {
			isa = PBXGroup;
			children = (
				43A33AC027C3C719002B3EC1 /* WalletListItemTableViewCell.swift */,
				43A33AC127C3C719002B3EC1 /* WalletListItemTableViewCell.xib */,
			);
			path = "Commodity and Wallets";
			sourceTree = "<group>";
		};
		43A33AE327C4239D002B3EC1 /* Fiat Wallets */ = {
			isa = PBXGroup;
			children = (
				43A33AE427C423C5002B3EC1 /* FiatWalletListItemTableViewCell.swift */,
				43A33AE527C423C5002B3EC1 /* FiatWalletListItemTableViewCell.xib */,
			);
			path = "Fiat Wallets";
			sourceTree = "<group>";
		};
		43A33AE827C42453002B3EC1 /* Wallets */ = {
			isa = PBXGroup;
			children = (
				43A33AE927C4246D002B3EC1 /* WalletsListViewModel.swift */,
				43A33AEC27C44674002B3EC1 /* FiatListItemViewModel.swift */,
				43A33AEE27C4493B002B3EC1 /* CommodityListItemViewModel.swift */,
			);
			path = Wallets;
			sourceTree = "<group>";
		};
		43A33AF227C52738002B3EC1 /* Main View */ = {
			isa = PBXGroup;
			children = (
				43A33AF327C52808002B3EC1 /* MainViewController.swift */,
				43A33AF427C52808002B3EC1 /* MainViewController.xib */,
			);
			path = "Main View";
			sourceTree = "<group>";
		};
		43A6F02B27C6BA3C00750EF8 /* DomainLayer */ = {
			isa = PBXGroup;
			children = (
				43A33AC827C3CE02002B3EC1 /* Master Data */,
				43A33AC527C3C809002B3EC1 /* Wallets */,
				43A33AC427C3C7FF002B3EC1 /* Assets */,
				439B016827C1C41B001D490A /* BitpandaKitError.swift */,
				4324419F27C25BC700A78FE8 /* ErrorMessage.swift */,
			);
			path = DomainLayer;
			sourceTree = "<group>";
		};
		43A6F02C27C6BD5600750EF8 /* DataMapping */ = {
			isa = PBXGroup;
			children = (
				43A6F02D27C6BD7800750EF8 /* AssetDTO+Mapping.swift */,
			);
			path = DataMapping;
			sourceTree = "<group>";
		};
		43A6F02F27C6BF9200750EF8 /* DataMapping */ = {
			isa = PBXGroup;
			children = (
				43A6F03027C6BFAB00750EF8 /* MasterdataDTO+Mapping.swift */,
			);
			path = DataMapping;
			sourceTree = "<group>";
		};
		43A6F03227C6BFEF00750EF8 /* DataMapping */ = {
			isa = PBXGroup;
			children = (
				43A6F03327C6C01600750EF8 /* WalletsDTO+Mapping.swift */,
				43A6F03527C6C02500750EF8 /* WalletDTO+Mapping.swift */,
				43A6F03727C6C03400750EF8 /* FiatWalletDTO+Mapping.swift */,
			);
			path = DataMapping;
			sourceTree = "<group>";
		};
		456DBEBA57C31ACEE94B911B /* Frameworks */ = {
			isa = PBXGroup;
			children = (
				BD800F2F0306276A52DA89D7 /* Pods_BitpandaCodeChallenge.framework */,
				94346039C5C2A3855B68DFF9 /* Pods_BitpandaCodeChallenge_BitpandaCodeChallengeUITests.framework */,
				00256AC69F1689086314FBFD /* Pods_BitpandaCodeChallengeTests.framework */,
			);
			name = Frameworks;
			sourceTree = "<group>";
		};
		FFAFE387CF6F8D1EF88BE7BC /* Pods */ = {
			isa = PBXGroup;
			children = (
				60E031271D5CC8E4A18A8840 /* Pods-BitpandaCodeChallenge.debug.xcconfig */,
				9F168FE567C23AE17D819640 /* Pods-BitpandaCodeChallenge.release.xcconfig */,
				DFE0574821D6174BBD511D38 /* Pods-BitpandaCodeChallenge-BitpandaCodeChallengeUITests.debug.xcconfig */,
				206791F017D5DEDD4EE85980 /* Pods-BitpandaCodeChallenge-BitpandaCodeChallengeUITests.release.xcconfig */,
				ECCF71FC21757C1458A81474 /* Pods-BitpandaCodeChallengeTests.debug.xcconfig */,
				AC3EE842565FBF70F37D6922 /* Pods-BitpandaCodeChallengeTests.release.xcconfig */,
			);
			path = Pods;
			sourceTree = "<group>";
		};
/* End PBXGroup section */

/* Begin PBXNativeTarget section */
		439B010D27C12001001D490A /* BitpandaCodeChallenge */ = {
			isa = PBXNativeTarget;
			buildConfigurationList = 439B013B27C12007001D490A /* Build configuration list for PBXNativeTarget "BitpandaCodeChallenge" */;
			buildPhases = (
				28488294CCFA671190AF0F12 /* [CP] Check Pods Manifest.lock */,
				439B010A27C12001001D490A /* Sources */,
				439B010B27C12001001D490A /* Frameworks */,
				439B010C27C12001001D490A /* Resources */,
				D3816584BD2D78ACFB14539E /* [CP] Embed Pods Frameworks */,
			);
			buildRules = (
			);
			dependencies = (
			);
			name = BitpandaCodeChallenge;
			productName = BitpandaCodeChallenge;
			productReference = 439B010E27C12001001D490A /* BitpandaCodeChallenge.app */;
			productType = "com.apple.product-type.application";
		};
		439B012627C12007001D490A /* BitpandaCodeChallengeTests */ = {
			isa = PBXNativeTarget;
			buildConfigurationList = 439B013E27C12007001D490A /* Build configuration list for PBXNativeTarget "BitpandaCodeChallengeTests" */;
			buildPhases = (
				AF3ED0DD6CAF5AAE238AE7AA /* [CP] Check Pods Manifest.lock */,
				439B012327C12007001D490A /* Sources */,
				439B012427C12007001D490A /* Frameworks */,
				439B012527C12007001D490A /* Resources */,
			);
			buildRules = (
			);
			dependencies = (
				439B012927C12007001D490A /* PBXTargetDependency */,
			);
			name = BitpandaCodeChallengeTests;
			productName = BitpandaCodeChallengeTests;
			productReference = 439B012727C12007001D490A /* BitpandaCodeChallengeTests.xctest */;
			productType = "com.apple.product-type.bundle.unit-test";
		};
		439B013027C12007001D490A /* BitpandaCodeChallengeUITests */ = {
			isa = PBXNativeTarget;
			buildConfigurationList = 439B014127C12007001D490A /* Build configuration list for PBXNativeTarget "BitpandaCodeChallengeUITests" */;
			buildPhases = (
				F88DA200A1956866CE794267 /* [CP] Check Pods Manifest.lock */,
				439B012D27C12007001D490A /* Sources */,
				439B012E27C12007001D490A /* Frameworks */,
				439B012F27C12007001D490A /* Resources */,
				AECAB1B86144878492D83B8B /* [CP] Embed Pods Frameworks */,
			);
			buildRules = (
			);
			dependencies = (
				439B013327C12007001D490A /* PBXTargetDependency */,
			);
			name = BitpandaCodeChallengeUITests;
			productName = BitpandaCodeChallengeUITests;
			productReference = 439B013127C12007001D490A /* BitpandaCodeChallengeUITests.xctest */;
			productType = "com.apple.product-type.bundle.ui-testing";
		};
/* End PBXNativeTarget section */

/* Begin PBXProject section */
		439B010627C12001001D490A /* Project object */ = {
			isa = PBXProject;
			attributes = {
				BuildIndependentTargetsInParallel = 1;
				LastSwiftUpdateCheck = 1300;
				LastUpgradeCheck = 1300;
				TargetAttributes = {
					439B010D27C12001001D490A = {
						CreatedOnToolsVersion = 13.0;
					};
					439B012627C12007001D490A = {
						CreatedOnToolsVersion = 13.0;
						TestTargetID = 439B010D27C12001001D490A;
					};
					439B013027C12007001D490A = {
						CreatedOnToolsVersion = 13.0;
						TestTargetID = 439B010D27C12001001D490A;
					};
				};
			};
			buildConfigurationList = 439B010927C12001001D490A /* Build configuration list for PBXProject "BitpandaCodeChallenge" */;
			compatibilityVersion = "Xcode 13.0";
			developmentRegion = en;
			hasScannedForEncodings = 0;
			knownRegions = (
				en,
				Base,
			);
			mainGroup = 439B010527C12001001D490A;
			productRefGroup = 439B010F27C12001001D490A /* Products */;
			projectDirPath = "";
			projectRoot = "";
			targets = (
				439B010D27C12001001D490A /* BitpandaCodeChallenge */,
				439B012627C12007001D490A /* BitpandaCodeChallengeTests */,
				439B013027C12007001D490A /* BitpandaCodeChallengeUITests */,
			);
		};
/* End PBXProject section */

/* Begin PBXResourcesBuildPhase section */
		439B010C27C12001001D490A /* Resources */ = {
			isa = PBXResourcesBuildPhase;
			buildActionMask = 2147483647;
			files = (
				43A33ABE27C3C6D2002B3EC1 /* WalletListViewController.xib in Resources */,
				439B012127C12006001D490A /* LaunchScreen.storyboard in Resources */,
				4324419B27C2518F00A78FE8 /* AssetListItemTableViewCell.xib in Resources */,
				439B011E27C12006001D490A /* Assets.xcassets in Resources */,
				439B015927C13C86001D490A /* Masterdata.json in Resources */,
				43A33AE727C423C5002B3EC1 /* FiatWalletListItemTableViewCell.xib in Resources */,
				439B016B27C1C627001D490A /* Main.storyboard in Resources */,
				43A33AF627C52809002B3EC1 /* MainViewController.xib in Resources */,
				4324419427C24FB700A78FE8 /* AssetsListViewController.xib in Resources */,
				43A33AC327C3C719002B3EC1 /* WalletListItemTableViewCell.xib in Resources */,
			);
			runOnlyForDeploymentPostprocessing = 0;
		};
		439B012527C12007001D490A /* Resources */ = {
			isa = PBXResourcesBuildPhase;
			buildActionMask = 2147483647;
			files = (
			);
			runOnlyForDeploymentPostprocessing = 0;
		};
		439B012F27C12007001D490A /* Resources */ = {
			isa = PBXResourcesBuildPhase;
			buildActionMask = 2147483647;
			files = (
			);
			runOnlyForDeploymentPostprocessing = 0;
		};
/* End PBXResourcesBuildPhase section */

/* Begin PBXShellScriptBuildPhase section */
		28488294CCFA671190AF0F12 /* [CP] Check Pods Manifest.lock */ = {
			isa = PBXShellScriptBuildPhase;
			buildActionMask = 2147483647;
			files = (
			);
			inputFileListPaths = (
			);
			inputPaths = (
				"${PODS_PODFILE_DIR_PATH}/Podfile.lock",
				"${PODS_ROOT}/Manifest.lock",
			);
			name = "[CP] Check Pods Manifest.lock";
			outputFileListPaths = (
			);
			outputPaths = (
				"$(DERIVED_FILE_DIR)/Pods-BitpandaCodeChallenge-checkManifestLockResult.txt",
			);
			runOnlyForDeploymentPostprocessing = 0;
			shellPath = /bin/sh;
			shellScript = "diff \"${PODS_PODFILE_DIR_PATH}/Podfile.lock\" \"${PODS_ROOT}/Manifest.lock\" > /dev/null\nif [ $? != 0 ] ; then\n    # print error to STDERR\n    echo \"error: The sandbox is not in sync with the Podfile.lock. Run 'pod install' or update your CocoaPods installation.\" >&2\n    exit 1\nfi\n# This output is used by Xcode 'outputs' to avoid re-running this script phase.\necho \"SUCCESS\" > \"${SCRIPT_OUTPUT_FILE_0}\"\n";
			showEnvVarsInLog = 0;
		};
		AECAB1B86144878492D83B8B /* [CP] Embed Pods Frameworks */ = {
			isa = PBXShellScriptBuildPhase;
			buildActionMask = 2147483647;
			files = (
			);
			inputFileListPaths = (
				"${PODS_ROOT}/Target Support Files/Pods-BitpandaCodeChallenge-BitpandaCodeChallengeUITests/Pods-BitpandaCodeChallenge-BitpandaCodeChallengeUITests-frameworks-${CONFIGURATION}-input-files.xcfilelist",
			);
			name = "[CP] Embed Pods Frameworks";
			outputFileListPaths = (
				"${PODS_ROOT}/Target Support Files/Pods-BitpandaCodeChallenge-BitpandaCodeChallengeUITests/Pods-BitpandaCodeChallenge-BitpandaCodeChallengeUITests-frameworks-${CONFIGURATION}-output-files.xcfilelist",
			);
			runOnlyForDeploymentPostprocessing = 0;
			shellPath = /bin/sh;
			shellScript = "\"${PODS_ROOT}/Target Support Files/Pods-BitpandaCodeChallenge-BitpandaCodeChallengeUITests/Pods-BitpandaCodeChallenge-BitpandaCodeChallengeUITests-frameworks.sh\"\n";
			showEnvVarsInLog = 0;
		};
		AF3ED0DD6CAF5AAE238AE7AA /* [CP] Check Pods Manifest.lock */ = {
			isa = PBXShellScriptBuildPhase;
			buildActionMask = 2147483647;
			files = (
			);
			inputFileListPaths = (
			);
			inputPaths = (
				"${PODS_PODFILE_DIR_PATH}/Podfile.lock",
				"${PODS_ROOT}/Manifest.lock",
			);
			name = "[CP] Check Pods Manifest.lock";
			outputFileListPaths = (
			);
			outputPaths = (
				"$(DERIVED_FILE_DIR)/Pods-BitpandaCodeChallengeTests-checkManifestLockResult.txt",
			);
			runOnlyForDeploymentPostprocessing = 0;
			shellPath = /bin/sh;
			shellScript = "diff \"${PODS_PODFILE_DIR_PATH}/Podfile.lock\" \"${PODS_ROOT}/Manifest.lock\" > /dev/null\nif [ $? != 0 ] ; then\n    # print error to STDERR\n    echo \"error: The sandbox is not in sync with the Podfile.lock. Run 'pod install' or update your CocoaPods installation.\" >&2\n    exit 1\nfi\n# This output is used by Xcode 'outputs' to avoid re-running this script phase.\necho \"SUCCESS\" > \"${SCRIPT_OUTPUT_FILE_0}\"\n";
			showEnvVarsInLog = 0;
		};
		D3816584BD2D78ACFB14539E /* [CP] Embed Pods Frameworks */ = {
			isa = PBXShellScriptBuildPhase;
			buildActionMask = 2147483647;
			files = (
			);
			inputFileListPaths = (
				"${PODS_ROOT}/Target Support Files/Pods-BitpandaCodeChallenge/Pods-BitpandaCodeChallenge-frameworks-${CONFIGURATION}-input-files.xcfilelist",
			);
			name = "[CP] Embed Pods Frameworks";
			outputFileListPaths = (
				"${PODS_ROOT}/Target Support Files/Pods-BitpandaCodeChallenge/Pods-BitpandaCodeChallenge-frameworks-${CONFIGURATION}-output-files.xcfilelist",
			);
			runOnlyForDeploymentPostprocessing = 0;
			shellPath = /bin/sh;
			shellScript = "\"${PODS_ROOT}/Target Support Files/Pods-BitpandaCodeChallenge/Pods-BitpandaCodeChallenge-frameworks.sh\"\n";
			showEnvVarsInLog = 0;
		};
		F88DA200A1956866CE794267 /* [CP] Check Pods Manifest.lock */ = {
			isa = PBXShellScriptBuildPhase;
			buildActionMask = 2147483647;
			files = (
			);
			inputFileListPaths = (
			);
			inputPaths = (
				"${PODS_PODFILE_DIR_PATH}/Podfile.lock",
				"${PODS_ROOT}/Manifest.lock",
			);
			name = "[CP] Check Pods Manifest.lock";
			outputFileListPaths = (
			);
			outputPaths = (
				"$(DERIVED_FILE_DIR)/Pods-BitpandaCodeChallenge-BitpandaCodeChallengeUITests-checkManifestLockResult.txt",
			);
			runOnlyForDeploymentPostprocessing = 0;
			shellPath = /bin/sh;
			shellScript = "diff \"${PODS_PODFILE_DIR_PATH}/Podfile.lock\" \"${PODS_ROOT}/Manifest.lock\" > /dev/null\nif [ $? != 0 ] ; then\n    # print error to STDERR\n    echo \"error: The sandbox is not in sync with the Podfile.lock. Run 'pod install' or update your CocoaPods installation.\" >&2\n    exit 1\nfi\n# This output is used by Xcode 'outputs' to avoid re-running this script phase.\necho \"SUCCESS\" > \"${SCRIPT_OUTPUT_FILE_0}\"\n";
			showEnvVarsInLog = 0;
		};
/* End PBXShellScriptBuildPhase section */

/* Begin PBXSourcesBuildPhase section */
		439B010A27C12001001D490A /* Sources */ = {
			isa = PBXSourcesBuildPhase;
			buildActionMask = 2147483647;
			files = (
				43A33ADC27C407F4002B3EC1 /* FakeRemoteWalletsAPI.swift in Sources */,
				43A6F03827C6C03400750EF8 /* FiatWalletDTO+Mapping.swift in Sources */,
				43A33AC727C3C81A002B3EC1 /* Wallet.swift in Sources */,
				43A33AEF27C4493B002B3EC1 /* CommodityListItemViewModel.swift in Sources */,
				439B011227C12001001D490A /* AppDelegate.swift in Sources */,
				43A33ADF27C40DA1002B3EC1 /* WalletsRepository.swift in Sources */,
				439B014F27C1234C001D490A /* Asset.swift in Sources */,
				4324419327C24FB700A78FE8 /* AssetsListViewController.swift in Sources */,
				43A6F02E27C6BD7800750EF8 /* AssetDTO+Mapping.swift in Sources */,
				432441A527C270D100A78FE8 /* UIViewControllerExtension.swift in Sources */,
				43A33AEA27C4246D002B3EC1 /* WalletsListViewModel.swift in Sources */,
				43A33AD727C406E7002B3EC1 /* Wallets.swift in Sources */,
				432441AE27C2DDCD00A78FE8 /* AssetListItemViewModel.swift in Sources */,
				43A33AD427C4067E002B3EC1 /* RemoteWalletsAPI.swift in Sources */,
				43A33ACD27C3D2D1002B3EC1 /* FiatWallet.swift in Sources */,
				432441A927C2C51000A78FE8 /* CollectionExtension.swift in Sources */,
				43A6F03627C6C02500750EF8 /* WalletDTO+Mapping.swift in Sources */,
				4324419027C246E600A78FE8 /* AssetsListDependencyContainer.swift in Sources */,
				439B016227C1B987001D490A /* FakeRemoteAssetsAPI.swift in Sources */,
				4324419A27C2518F00A78FE8 /* AssetListItemTableViewCell.swift in Sources */,
				432441A027C25BC700A78FE8 /* ErrorMessage.swift in Sources */,
				4324419E27C2544000A78FE8 /* AssetsListViewModel.swift in Sources */,
				432441B027C2E9D800A78FE8 /* StringExtension.swift in Sources */,
				432441B227C300F200A78FE8 /* BitpandaMainNavigationViewController.swift in Sources */,
				43A33AF527C52809002B3EC1 /* MainViewController.swift in Sources */,
				43A33AB927C3C69F002B3EC1 /* WalletListDependencyContainer.swift in Sources */,
				43A33AED27C44674002B3EC1 /* FiatListItemViewModel.swift in Sources */,
				439B016427C1BECB001D490A /* BitpandaRemoteAssetsAPI.swift in Sources */,
				43A6F03127C6BFAB00750EF8 /* MasterdataDTO+Mapping.swift in Sources */,
				439B015627C1355A001D490A /* BitpandaAssetsRepository.swift in Sources */,
				439B016727C1C094001D490A /* BitpandaAppDependencyContainer.swift in Sources */,
				432441AC27C2D1F200A78FE8 /* UIImageViewExtension.swift in Sources */,
				439B016927C1C41B001D490A /* BitpandaKitError.swift in Sources */,
				43A33AE127C40F35002B3EC1 /* BitpandaWalletsRepository.swift in Sources */,
				43A33ADA27C407E9002B3EC1 /* BitpandaRemoteWalletsAPI.swift in Sources */,
				43A33ACB27C3CE2C002B3EC1 /* Masterdata.swift in Sources */,
				43A6F03427C6C01600750EF8 /* WalletsDTO+Mapping.swift in Sources */,
				43A33ABD27C3C6D2002B3EC1 /* WalletListViewController.swift in Sources */,
				439B015F27C1B8E5001D490A /* RemoteAssetsAPI.swift in Sources */,
				43A33AE627C423C5002B3EC1 /* FiatWalletListItemTableViewCell.swift in Sources */,
				4315AA4227C58C6300AB3220 /* AccessibilityIdentifier.swift in Sources */,
				43A33AC227C3C719002B3EC1 /* WalletListItemTableViewCell.swift in Sources */,
				439B015327C13271001D490A /* AssetsRepository.swift in Sources */,
			);
			runOnlyForDeploymentPostprocessing = 0;
		};
		439B012327C12007001D490A /* Sources */ = {
			isa = PBXSourcesBuildPhase;
			buildActionMask = 2147483647;
			files = (
				439B012C27C12007001D490A /* BitpandaCodeChallengeTests.swift in Sources */,
			);
			runOnlyForDeploymentPostprocessing = 0;
		};
		439B012D27C12007001D490A /* Sources */ = {
			isa = PBXSourcesBuildPhase;
			buildActionMask = 2147483647;
			files = (
				439B013827C12007001D490A /* BitpandaCodeChallengeUITestsLaunchTests.swift in Sources */,
				439B013627C12007001D490A /* BitpandaCodeChallengeUITests.swift in Sources */,
			);
			runOnlyForDeploymentPostprocessing = 0;
		};
/* End PBXSourcesBuildPhase section */

/* Begin PBXTargetDependency section */
		439B012927C12007001D490A /* PBXTargetDependency */ = {
			isa = PBXTargetDependency;
			target = 439B010D27C12001001D490A /* BitpandaCodeChallenge */;
			targetProxy = 439B012827C12007001D490A /* PBXContainerItemProxy */;
		};
		439B013327C12007001D490A /* PBXTargetDependency */ = {
			isa = PBXTargetDependency;
			target = 439B010D27C12001001D490A /* BitpandaCodeChallenge */;
			targetProxy = 439B013227C12007001D490A /* PBXContainerItemProxy */;
		};
/* End PBXTargetDependency section */

/* Begin PBXVariantGroup section */
		439B011F27C12006001D490A /* LaunchScreen.storyboard */ = {
			isa = PBXVariantGroup;
			children = (
				439B012027C12006001D490A /* Base */,
			);
			name = LaunchScreen.storyboard;
			sourceTree = "<group>";
		};
/* End PBXVariantGroup section */

/* Begin XCBuildConfiguration section */
		439B013927C12007001D490A /* Debug */ = {
			isa = XCBuildConfiguration;
			buildSettings = {
				ALWAYS_SEARCH_USER_PATHS = NO;
				CLANG_ANALYZER_NONNULL = YES;
				CLANG_ANALYZER_NUMBER_OBJECT_CONVERSION = YES_AGGRESSIVE;
				CLANG_CXX_LANGUAGE_STANDARD = "gnu++17";
				CLANG_CXX_LIBRARY = "libc++";
				CLANG_ENABLE_MODULES = YES;
				CLANG_ENABLE_OBJC_ARC = YES;
				CLANG_ENABLE_OBJC_WEAK = YES;
				CLANG_WARN_BLOCK_CAPTURE_AUTORELEASING = YES;
				CLANG_WARN_BOOL_CONVERSION = YES;
				CLANG_WARN_COMMA = YES;
				CLANG_WARN_CONSTANT_CONVERSION = YES;
				CLANG_WARN_DEPRECATED_OBJC_IMPLEMENTATIONS = YES;
				CLANG_WARN_DIRECT_OBJC_ISA_USAGE = YES_ERROR;
				CLANG_WARN_DOCUMENTATION_COMMENTS = YES;
				CLANG_WARN_EMPTY_BODY = YES;
				CLANG_WARN_ENUM_CONVERSION = YES;
				CLANG_WARN_INFINITE_RECURSION = YES;
				CLANG_WARN_INT_CONVERSION = YES;
				CLANG_WARN_NON_LITERAL_NULL_CONVERSION = YES;
				CLANG_WARN_OBJC_IMPLICIT_RETAIN_SELF = YES;
				CLANG_WARN_OBJC_LITERAL_CONVERSION = YES;
				CLANG_WARN_OBJC_ROOT_CLASS = YES_ERROR;
				CLANG_WARN_QUOTED_INCLUDE_IN_FRAMEWORK_HEADER = YES;
				CLANG_WARN_RANGE_LOOP_ANALYSIS = YES;
				CLANG_WARN_STRICT_PROTOTYPES = YES;
				CLANG_WARN_SUSPICIOUS_MOVE = YES;
				CLANG_WARN_UNGUARDED_AVAILABILITY = YES_AGGRESSIVE;
				CLANG_WARN_UNREACHABLE_CODE = YES;
				CLANG_WARN__DUPLICATE_METHOD_MATCH = YES;
				COPY_PHASE_STRIP = NO;
				DEBUG_INFORMATION_FORMAT = dwarf;
				ENABLE_STRICT_OBJC_MSGSEND = YES;
				ENABLE_TESTABILITY = YES;
				GCC_C_LANGUAGE_STANDARD = gnu11;
				GCC_DYNAMIC_NO_PIC = NO;
				GCC_NO_COMMON_BLOCKS = YES;
				GCC_OPTIMIZATION_LEVEL = 0;
				GCC_PREPROCESSOR_DEFINITIONS = (
					"DEBUG=1",
					"$(inherited)",
				);
				GCC_WARN_64_TO_32_BIT_CONVERSION = YES;
				GCC_WARN_ABOUT_RETURN_TYPE = YES_ERROR;
				GCC_WARN_UNDECLARED_SELECTOR = YES;
				GCC_WARN_UNINITIALIZED_AUTOS = YES_AGGRESSIVE;
				GCC_WARN_UNUSED_FUNCTION = YES;
				GCC_WARN_UNUSED_VARIABLE = YES;
				IPHONEOS_DEPLOYMENT_TARGET = 13.0;
				MTL_ENABLE_DEBUG_INFO = INCLUDE_SOURCE;
				MTL_FAST_MATH = YES;
				ONLY_ACTIVE_ARCH = YES;
				SDKROOT = iphoneos;
				SWIFT_ACTIVE_COMPILATION_CONDITIONS = DEBUG;
				SWIFT_OPTIMIZATION_LEVEL = "-Onone";
			};
			name = Debug;
		};
		439B013A27C12007001D490A /* Release */ = {
			isa = XCBuildConfiguration;
			buildSettings = {
				ALWAYS_SEARCH_USER_PATHS = NO;
				CLANG_ANALYZER_NONNULL = YES;
				CLANG_ANALYZER_NUMBER_OBJECT_CONVERSION = YES_AGGRESSIVE;
				CLANG_CXX_LANGUAGE_STANDARD = "gnu++17";
				CLANG_CXX_LIBRARY = "libc++";
				CLANG_ENABLE_MODULES = YES;
				CLANG_ENABLE_OBJC_ARC = YES;
				CLANG_ENABLE_OBJC_WEAK = YES;
				CLANG_WARN_BLOCK_CAPTURE_AUTORELEASING = YES;
				CLANG_WARN_BOOL_CONVERSION = YES;
				CLANG_WARN_COMMA = YES;
				CLANG_WARN_CONSTANT_CONVERSION = YES;
				CLANG_WARN_DEPRECATED_OBJC_IMPLEMENTATIONS = YES;
				CLANG_WARN_DIRECT_OBJC_ISA_USAGE = YES_ERROR;
				CLANG_WARN_DOCUMENTATION_COMMENTS = YES;
				CLANG_WARN_EMPTY_BODY = YES;
				CLANG_WARN_ENUM_CONVERSION = YES;
				CLANG_WARN_INFINITE_RECURSION = YES;
				CLANG_WARN_INT_CONVERSION = YES;
				CLANG_WARN_NON_LITERAL_NULL_CONVERSION = YES;
				CLANG_WARN_OBJC_IMPLICIT_RETAIN_SELF = YES;
				CLANG_WARN_OBJC_LITERAL_CONVERSION = YES;
				CLANG_WARN_OBJC_ROOT_CLASS = YES_ERROR;
				CLANG_WARN_QUOTED_INCLUDE_IN_FRAMEWORK_HEADER = YES;
				CLANG_WARN_RANGE_LOOP_ANALYSIS = YES;
				CLANG_WARN_STRICT_PROTOTYPES = YES;
				CLANG_WARN_SUSPICIOUS_MOVE = YES;
				CLANG_WARN_UNGUARDED_AVAILABILITY = YES_AGGRESSIVE;
				CLANG_WARN_UNREACHABLE_CODE = YES;
				CLANG_WARN__DUPLICATE_METHOD_MATCH = YES;
				COPY_PHASE_STRIP = NO;
				DEBUG_INFORMATION_FORMAT = "dwarf-with-dsym";
				ENABLE_NS_ASSERTIONS = NO;
				ENABLE_STRICT_OBJC_MSGSEND = YES;
				GCC_C_LANGUAGE_STANDARD = gnu11;
				GCC_NO_COMMON_BLOCKS = YES;
				GCC_WARN_64_TO_32_BIT_CONVERSION = YES;
				GCC_WARN_ABOUT_RETURN_TYPE = YES_ERROR;
				GCC_WARN_UNDECLARED_SELECTOR = YES;
				GCC_WARN_UNINITIALIZED_AUTOS = YES_AGGRESSIVE;
				GCC_WARN_UNUSED_FUNCTION = YES;
				GCC_WARN_UNUSED_VARIABLE = YES;
				IPHONEOS_DEPLOYMENT_TARGET = 13.0;
				MTL_ENABLE_DEBUG_INFO = NO;
				MTL_FAST_MATH = YES;
				SDKROOT = iphoneos;
				SWIFT_COMPILATION_MODE = wholemodule;
				SWIFT_OPTIMIZATION_LEVEL = "-O";
				VALIDATE_PRODUCT = YES;
			};
			name = Release;
		};
		439B013C27C12007001D490A /* Debug */ = {
			isa = XCBuildConfiguration;
			baseConfigurationReference = 60E031271D5CC8E4A18A8840 /* Pods-BitpandaCodeChallenge.debug.xcconfig */;
			buildSettings = {
				ASSETCATALOG_COMPILER_APPICON_NAME = AppIcon;
				ASSETCATALOG_COMPILER_GLOBAL_ACCENT_COLOR_NAME = AccentColor;
				ASSETS_SESSION_DATASTORE_LOCALFILE = USER_SESSION_DATASTORE_FILEBASED;
				CODE_SIGN_STYLE = Automatic;
				CURRENT_PROJECT_VERSION = 1;
				DEVELOPMENT_TEAM = EE6W939978;
				GENERATE_INFOPLIST_FILE = YES;
				INFOPLIST_FILE = BitpandaCodeChallenge/Application/Resources/Info.plist;
				INFOPLIST_KEY_CFBundleDisplayName = Bitpanda;
				INFOPLIST_KEY_UIApplicationSupportsIndirectInputEvents = YES;
				INFOPLIST_KEY_UILaunchStoryboardName = LaunchScreen;
				INFOPLIST_KEY_UIRequiredDeviceCapabilities = armv7;
				INFOPLIST_KEY_UIStatusBarHidden = NO;
				INFOPLIST_KEY_UISupportedInterfaceOrientations = "UIInterfaceOrientationPortrait UIInterfaceOrientationLandscapeLeft UIInterfaceOrientationLandscapeRight";
				INFOPLIST_KEY_UISupportedInterfaceOrientations_iPad = "UIInterfaceOrientationPortrait UIInterfaceOrientationPortraitUpsideDown UIInterfaceOrientationLandscapeLeft UIInterfaceOrientationLandscapeRight";
				INFOPLIST_KEY_UISupportedInterfaceOrientations_iPhone = "UIInterfaceOrientationPortrait UIInterfaceOrientationLandscapeLeft UIInterfaceOrientationLandscapeRight";
				LD_RUNPATH_SEARCH_PATHS = (
					"$(inherited)",
					"@executable_path/Frameworks",
				);
				MARKETING_VERSION = 1.0;
				PRODUCT_BUNDLE_IDENTIFIER = com.test.BitpandaCodeChallenge;
				PRODUCT_NAME = "$(TARGET_NAME)";
				SWIFT_ACTIVE_COMPILATION_CONDITIONS = "DEBUG ASSETS_SESSION_DATASTORE_LOCALFILE";
				SWIFT_EMIT_LOC_STRINGS = YES;
				SWIFT_VERSION = 5.0;
				TARGETED_DEVICE_FAMILY = 1;
			};
			name = Debug;
		};
		439B013D27C12007001D490A /* Release */ = {
			isa = XCBuildConfiguration;
			baseConfigurationReference = 9F168FE567C23AE17D819640 /* Pods-BitpandaCodeChallenge.release.xcconfig */;
			buildSettings = {
				ASSETCATALOG_COMPILER_APPICON_NAME = AppIcon;
				ASSETCATALOG_COMPILER_GLOBAL_ACCENT_COLOR_NAME = AccentColor;
				ASSETS_SESSION_DATASTORE_LOCALFILE = "";
				CODE_SIGN_STYLE = Automatic;
				CURRENT_PROJECT_VERSION = 1;
				DEVELOPMENT_TEAM = EE6W939978;
				GENERATE_INFOPLIST_FILE = YES;
				INFOPLIST_FILE = BitpandaCodeChallenge/Application/Resources/Info.plist;
				INFOPLIST_KEY_CFBundleDisplayName = Bitpanda;
				INFOPLIST_KEY_UIApplicationSupportsIndirectInputEvents = YES;
				INFOPLIST_KEY_UILaunchStoryboardName = LaunchScreen;
				INFOPLIST_KEY_UIRequiredDeviceCapabilities = armv7;
				INFOPLIST_KEY_UIStatusBarHidden = NO;
				INFOPLIST_KEY_UISupportedInterfaceOrientations = "UIInterfaceOrientationPortrait UIInterfaceOrientationLandscapeLeft UIInterfaceOrientationLandscapeRight";
				INFOPLIST_KEY_UISupportedInterfaceOrientations_iPad = "UIInterfaceOrientationPortrait UIInterfaceOrientationPortraitUpsideDown UIInterfaceOrientationLandscapeLeft UIInterfaceOrientationLandscapeRight";
				INFOPLIST_KEY_UISupportedInterfaceOrientations_iPhone = "UIInterfaceOrientationPortrait UIInterfaceOrientationLandscapeLeft UIInterfaceOrientationLandscapeRight";
				LD_RUNPATH_SEARCH_PATHS = (
					"$(inherited)",
					"@executable_path/Frameworks",
				);
				MARKETING_VERSION = 1.0;
				PRODUCT_BUNDLE_IDENTIFIER = com.test.BitpandaCodeChallenge;
				PRODUCT_NAME = "$(TARGET_NAME)";
				SWIFT_ACTIVE_COMPILATION_CONDITIONS = RELEASE;
				SWIFT_EMIT_LOC_STRINGS = YES;
				SWIFT_VERSION = 5.0;
				TARGETED_DEVICE_FAMILY = 1;
			};
			name = Release;
		};
		439B013F27C12007001D490A /* Debug */ = {
			isa = XCBuildConfiguration;
			baseConfigurationReference = ECCF71FC21757C1458A81474 /* Pods-BitpandaCodeChallengeTests.debug.xcconfig */;
			buildSettings = {
				ALWAYS_EMBED_SWIFT_STANDARD_LIBRARIES = "$(inherited)";
				BUNDLE_LOADER = "$(TEST_HOST)";
				CODE_SIGN_STYLE = Automatic;
				CURRENT_PROJECT_VERSION = 1;
				DEVELOPMENT_TEAM = EE6W939978;
				GENERATE_INFOPLIST_FILE = YES;
				IPHONEOS_DEPLOYMENT_TARGET = 15.0;
				LD_RUNPATH_SEARCH_PATHS = (
					"$(inherited)",
					"@executable_path/Frameworks",
					"@loader_path/Frameworks",
				);
				MARKETING_VERSION = 1.0;
				PRODUCT_BUNDLE_IDENTIFIER = com.test.BitpandaCodeChallengeTests;
				PRODUCT_NAME = "$(TARGET_NAME)";
				SWIFT_EMIT_LOC_STRINGS = NO;
				SWIFT_VERSION = 5.0;
				TARGETED_DEVICE_FAMILY = "1,2";
				TEST_HOST = "$(BUILT_PRODUCTS_DIR)/BitpandaCodeChallenge.app/BitpandaCodeChallenge";
			};
			name = Debug;
		};
		439B014027C12007001D490A /* Release */ = {
			isa = XCBuildConfiguration;
			baseConfigurationReference = AC3EE842565FBF70F37D6922 /* Pods-BitpandaCodeChallengeTests.release.xcconfig */;
			buildSettings = {
				ALWAYS_EMBED_SWIFT_STANDARD_LIBRARIES = "$(inherited)";
				BUNDLE_LOADER = "$(TEST_HOST)";
				CODE_SIGN_STYLE = Automatic;
				CURRENT_PROJECT_VERSION = 1;
				DEVELOPMENT_TEAM = EE6W939978;
				GENERATE_INFOPLIST_FILE = YES;
				IPHONEOS_DEPLOYMENT_TARGET = 15.0;
				LD_RUNPATH_SEARCH_PATHS = (
					"$(inherited)",
					"@executable_path/Frameworks",
					"@loader_path/Frameworks",
				);
				MARKETING_VERSION = 1.0;
				PRODUCT_BUNDLE_IDENTIFIER = com.test.BitpandaCodeChallengeTests;
				PRODUCT_NAME = "$(TARGET_NAME)";
				SWIFT_EMIT_LOC_STRINGS = NO;
				SWIFT_VERSION = 5.0;
				TARGETED_DEVICE_FAMILY = "1,2";
				TEST_HOST = "$(BUILT_PRODUCTS_DIR)/BitpandaCodeChallenge.app/BitpandaCodeChallenge";
			};
			name = Release;
		};
		439B014227C12007001D490A /* Debug */ = {
			isa = XCBuildConfiguration;
			baseConfigurationReference = DFE0574821D6174BBD511D38 /* Pods-BitpandaCodeChallenge-BitpandaCodeChallengeUITests.debug.xcconfig */;
			buildSettings = {
				ALWAYS_EMBED_SWIFT_STANDARD_LIBRARIES = "$(inherited)";
				CODE_SIGN_STYLE = Automatic;
				CURRENT_PROJECT_VERSION = 1;
				DEVELOPMENT_TEAM = EE6W939978;
				GENERATE_INFOPLIST_FILE = YES;
				LD_RUNPATH_SEARCH_PATHS = (
					"$(inherited)",
					"@executable_path/Frameworks",
					"@loader_path/Frameworks",
				);
				MARKETING_VERSION = 1.0;
				PRODUCT_BUNDLE_IDENTIFIER = com.test.BitpandaCodeChallengeUITests;
				PRODUCT_NAME = "$(TARGET_NAME)";
				SWIFT_EMIT_LOC_STRINGS = NO;
				SWIFT_VERSION = 5.0;
				TARGETED_DEVICE_FAMILY = "1,2";
				TEST_TARGET_NAME = BitpandaCodeChallenge;
			};
			name = Debug;
		};
		439B014327C12007001D490A /* Release */ = {
			isa = XCBuildConfiguration;
			baseConfigurationReference = 206791F017D5DEDD4EE85980 /* Pods-BitpandaCodeChallenge-BitpandaCodeChallengeUITests.release.xcconfig */;
			buildSettings = {
				ALWAYS_EMBED_SWIFT_STANDARD_LIBRARIES = "$(inherited)";
				CODE_SIGN_STYLE = Automatic;
				CURRENT_PROJECT_VERSION = 1;
				DEVELOPMENT_TEAM = EE6W939978;
				GENERATE_INFOPLIST_FILE = YES;
				LD_RUNPATH_SEARCH_PATHS = (
					"$(inherited)",
					"@executable_path/Frameworks",
					"@loader_path/Frameworks",
				);
				MARKETING_VERSION = 1.0;
				PRODUCT_BUNDLE_IDENTIFIER = com.test.BitpandaCodeChallengeUITests;
				PRODUCT_NAME = "$(TARGET_NAME)";
				SWIFT_EMIT_LOC_STRINGS = NO;
				SWIFT_VERSION = 5.0;
				TARGETED_DEVICE_FAMILY = "1,2";
				TEST_TARGET_NAME = BitpandaCodeChallenge;
			};
			name = Release;
		};
/* End XCBuildConfiguration section */

/* Begin XCConfigurationList section */
		439B010927C12001001D490A /* Build configuration list for PBXProject "BitpandaCodeChallenge" */ = {
			isa = XCConfigurationList;
			buildConfigurations = (
				439B013927C12007001D490A /* Debug */,
				439B013A27C12007001D490A /* Release */,
			);
			defaultConfigurationIsVisible = 0;
			defaultConfigurationName = Release;
		};
		439B013B27C12007001D490A /* Build configuration list for PBXNativeTarget "BitpandaCodeChallenge" */ = {
			isa = XCConfigurationList;
			buildConfigurations = (
				439B013C27C12007001D490A /* Debug */,
				439B013D27C12007001D490A /* Release */,
			);
			defaultConfigurationIsVisible = 0;
			defaultConfigurationName = Release;
		};
		439B013E27C12007001D490A /* Build configuration list for PBXNativeTarget "BitpandaCodeChallengeTests" */ = {
			isa = XCConfigurationList;
			buildConfigurations = (
				439B013F27C12007001D490A /* Debug */,
				439B014027C12007001D490A /* Release */,
			);
			defaultConfigurationIsVisible = 0;
			defaultConfigurationName = Release;
		};
		439B014127C12007001D490A /* Build configuration list for PBXNativeTarget "BitpandaCodeChallengeUITests" */ = {
			isa = XCConfigurationList;
			buildConfigurations = (
				439B014227C12007001D490A /* Debug */,
				439B014327C12007001D490A /* Release */,
			);
			defaultConfigurationIsVisible = 0;
			defaultConfigurationName = Release;
		};
/* End XCConfigurationList section */
	};
	rootObject = 439B010627C12001001D490A /* Project object */;
}
